
Microsoft Visual Studio Solution File, Format Version 12.00
# Visual Studio Version 16
VisualStudioVersion = 16.0.29009.5
MinimumVisualStudioVersion = 10.0.40219.1
Project("{FAE04EC0-301F-11D3-BF4B-00C04F79EFBC}") = "DXVisionSample", "DXVisionSample\DXVisionSample.csproj", "{56310ED4-5394-47E2-9098-274B4C0D57BF}"
EndProject
Global
	GlobalSection(SolutionConfigurationPlatforms) = preSolution
		Debug|Any CPU = Debug|Any CPU
		Release|Any CPU = Release|Any CPU
	EndGlobalSection
	GlobalSection(ProjectConfigurationPlatforms) = postSolution
		{56310ED4-5394-47E2-9098-274B4C0D57BF}.Debug|Any CPU.ActiveCfg = Debug|Any CPU
		{56310ED4-5394-47E2-9098-274B4C0D57BF}.Debug|Any CPU.Build.0 = Debug|Any CPU
		{56310ED4-5394-47E2-9098-274B4C0D57BF}.Release|Any CPU.ActiveCfg = Release|Any CPU
		{56310ED4-5394-47E2-9098-274B4C0D57BF}.Release|Any CPU.Build.0 = Release|Any CPU
	EndGlobalSection
	GlobalSection(SolutionProperties) = preSolution
		HideSolutionNode = FALSE
	EndGlobalSection
	GlobalSection(ExtensibilityGlobals) = postSolution
		SolutionGuid = {D5C73143-4127-4B89-980B-2EC45946E41E}
	EndGlobalSection
EndGlobal
